
Microsoft Visual Studio Solution File, Format Version 12.00
# Visual Studio 15
VisualStudioVersion = 15.0.28010.2050
MinimumVisualStudioVersion = 10.0.40219.1
Project("{FAE04EC0-301F-11D3-BF4B-00C04F79EFBC}") = "Dining Philosophers", "Dining Philosophers\Dining Philosophers.csproj", "{746B604F-1963-4733-BE43-88B709124B1D}"
EndProject
Global
	GlobalSection(SolutionConfigurationPlatforms) = preSolution
		Debug|Any CPU = Debug|Any CPU
		Release|Any CPU = Release|Any CPU
	EndGlobalSection
	GlobalSection(ProjectConfigurationPlatforms) = postSolution
		{746B604F-1963-4733-BE43-88B709124B1D}.Debug|Any CPU.ActiveCfg = Debug|Any CPU
		{746B604F-1963-4733-BE43-88B709124B1D}.Debug|Any CPU.Build.0 = Debug|Any CPU
		{746B604F-1963-4733-BE43-88B709124B1D}.Release|Any CPU.ActiveCfg = Release|Any CPU
		{746B604F-1963-4733-BE43-88B709124B1D}.Release|Any CPU.Build.0 = Release|Any CPU
	EndGlobalSection
	GlobalSection(SolutionProperties) = preSolution
		HideSolutionNode = FALSE
	EndGlobalSection
	GlobalSection(ExtensibilityGlobals) = postSolution
		SolutionGuid = {E3B70562-9DAE-4014-8886-2361BB586D52}
	EndGlobalSection
EndGlobal
